
Microsoft Visual Studio Solution File, Format Version 12.00
# Visual Studio Version 17
VisualStudioVersion = 17.1.32328.378
MinimumVisualStudioVersion = 10.0.40219.1
Project("{FAE04EC0-301F-11D3-BF4B-00C04F79EFBC}") = "StockData.Data", "StockData.Data\StockData.Data.csproj", "{148751EC-6B32-4428-A0D9-CCB03036E28E}"
EndProject
Project("{FAE04EC0-301F-11D3-BF4B-00C04F79EFBC}") = "StockData.Domain", "StockData.Domain\StockData.Domain.csproj", "{FDEFA37B-C593-483D-AFBF-55D3F2DEEFBD}"
EndProject
Project("{FAE04EC0-301F-11D3-BF4B-00C04F79EFBC}") = "StockData.Worker", "StockData.Worker\StockData.Worker.csproj", "{7A283985-E1E0-4E70-BA52-63BB7FE47ECE}"
EndProject
Global
	GlobalSection(SolutionConfigurationPlatforms) = preSolution
		Debug|Any CPU = Debug|Any CPU
		Release|Any CPU = Release|Any CPU
	EndGlobalSection
	GlobalSection(ProjectConfigurationPlatforms) = postSolution
		{148751EC-6B32-4428-A0D9-CCB03036E28E}.Debug|Any CPU.ActiveCfg = Debug|Any CPU
		{148751EC-6B32-4428-A0D9-CCB03036E28E}.Debug|Any CPU.Build.0 = Debug|Any CPU
		{148751EC-6B32-4428-A0D9-CCB03036E28E}.Release|Any CPU.ActiveCfg = Release|Any CPU
		{148751EC-6B32-4428-A0D9-CCB03036E28E}.Release|Any CPU.Build.0 = Release|Any CPU
		{FDEFA37B-C593-483D-AFBF-55D3F2DEEFBD}.Debug|Any CPU.ActiveCfg = Debug|Any CPU
		{FDEFA37B-C593-483D-AFBF-55D3F2DEEFBD}.Debug|Any CPU.Build.0 = Debug|Any CPU
		{FDEFA37B-C593-483D-AFBF-55D3F2DEEFBD}.Release|Any CPU.ActiveCfg = Release|Any CPU
		{FDEFA37B-C593-483D-AFBF-55D3F2DEEFBD}.Release|Any CPU.Build.0 = Release|Any CPU
		{7A283985-E1E0-4E70-BA52-63BB7FE47ECE}.Debug|Any CPU.ActiveCfg = Debug|Any CPU
		{7A283985-E1E0-4E70-BA52-63BB7FE47ECE}.Debug|Any CPU.Build.0 = Debug|Any CPU
		{7A283985-E1E0-4E70-BA52-63BB7FE47ECE}.Release|Any CPU.ActiveCfg = Release|Any CPU
		{7A283985-E1E0-4E70-BA52-63BB7FE47ECE}.Release|Any CPU.Build.0 = Release|Any CPU
	EndGlobalSection
	GlobalSection(SolutionProperties) = preSolution
		HideSolutionNode = FALSE
	EndGlobalSection
	GlobalSection(ExtensibilityGlobals) = postSolution
		SolutionGuid = {5045C3BF-2D5A-467D-B30A-108C64A9FB20}
	EndGlobalSection
EndGlobal
